
Microsoft Visual Studio Solution File, Format Version 12.00
# Visual Studio Version 17
VisualStudioVersion = 17.11.35327.3
MinimumVisualStudioVersion = 10.0.40219.1
Project("{FAE04EC0-301F-11D3-BF4B-00C04F79EFBC}") = "CoffeeShop", "CoffeeShop.csproj", "{2437BBEC-A61C-4BAC-9E60-344CA025B3C3}"
EndProject
Global
	GlobalSection(SolutionConfigurationPlatforms) = preSolution
		Debug|Any CPU = Debug|Any CPU
		Release|Any CPU = Release|Any CPU
	EndGlobalSection
	GlobalSection(ProjectConfigurationPlatforms) = postSolution
		{2437BBEC-A61C-4BAC-9E60-344CA025B3C3}.Debug|Any CPU.ActiveCfg = Debug|Any CPU
		{2437BBEC-A61C-4BAC-9E60-344CA025B3C3}.Debug|Any CPU.Build.0 = Debug|Any CPU
		{2437BBEC-A61C-4BAC-9E60-344CA025B3C3}.Release|Any CPU.ActiveCfg = Release|Any CPU
		{2437BBEC-A61C-4BAC-9E60-344CA025B3C3}.Release|Any CPU.Build.0 = Release|Any CPU
	EndGlobalSection
	GlobalSection(SolutionProperties) = preSolution
		HideSolutionNode = FALSE
	EndGlobalSection
	GlobalSection(ExtensibilityGlobals) = postSolution
		SolutionGuid = {8D1C506F-F452-4745-A839-67D4FC4FA3C7}
	EndGlobalSection
EndGlobal
